
Microsoft Visual Studio Solution File, Format Version 12.00
# Visual Studio Version 17
VisualStudioVersion = 17.14.36202.13 d17.14
MinimumVisualStudioVersion = 10.0.40219.1
Project("{FAE04EC0-301F-11D3-BF4B-00C04F79EFBC}") = "presentacion", "GestorParaViveros\presentacion.csproj", "{0A5D5D63-347D-4459-AA36-C55128131422}"
EndProject
Project("{FAE04EC0-301F-11D3-BF4B-00C04F79EFBC}") = "dominio", "dominio\dominio.csproj", "{96B91D1B-20C4-40CE-82AD-229C07DAEEDA}"
EndProject
Project("{FAE04EC0-301F-11D3-BF4B-00C04F79EFBC}") = "negocio", "negocio\negocio.csproj", "{50ECDE2D-CA2C-4824-B9FF-EAFA7441F63C}"
EndProject
Global
	GlobalSection(SolutionConfigurationPlatforms) = preSolution
		Debug|Any CPU = Debug|Any CPU
		Release|Any CPU = Release|Any CPU
	EndGlobalSection
	GlobalSection(ProjectConfigurationPlatforms) = postSolution
		{0A5D5D63-347D-4459-AA36-C55128131422}.Debug|Any CPU.ActiveCfg = Debug|Any CPU
		{0A5D5D63-347D-4459-AA36-C55128131422}.Debug|Any CPU.Build.0 = Debug|Any CPU
		{0A5D5D63-347D-4459-AA36-C55128131422}.Release|Any CPU.ActiveCfg = Release|Any CPU
		{0A5D5D63-347D-4459-AA36-C55128131422}.Release|Any CPU.Build.0 = Release|Any CPU
		{96B91D1B-20C4-40CE-82AD-229C07DAEEDA}.Debug|Any CPU.ActiveCfg = Debug|Any CPU
		{96B91D1B-20C4-40CE-82AD-229C07DAEEDA}.Debug|Any CPU.Build.0 = Debug|Any CPU
		{96B91D1B-20C4-40CE-82AD-229C07DAEEDA}.Release|Any CPU.ActiveCfg = Release|Any CPU
		{96B91D1B-20C4-40CE-82AD-229C07DAEEDA}.Release|Any CPU.Build.0 = Release|Any CPU
		{50ECDE2D-CA2C-4824-B9FF-EAFA7441F63C}.Debug|Any CPU.ActiveCfg = Debug|Any CPU
		{50ECDE2D-CA2C-4824-B9FF-EAFA7441F63C}.Debug|Any CPU.Build.0 = Debug|Any CPU
		{50ECDE2D-CA2C-4824-B9FF-EAFA7441F63C}.Release|Any CPU.ActiveCfg = Release|Any CPU
		{50ECDE2D-CA2C-4824-B9FF-EAFA7441F63C}.Release|Any CPU.Build.0 = Release|Any CPU
	EndGlobalSection
	GlobalSection(SolutionProperties) = preSolution
		HideSolutionNode = FALSE
	EndGlobalSection
	GlobalSection(ExtensibilityGlobals) = postSolution
		SolutionGuid = {C207417E-6FC0-4A36-B021-B521A5F82A93}
	EndGlobalSection
EndGlobal
